
Microsoft Visual Studio Solution File, Format Version 12.00
# Visual Studio Version 17
VisualStudioVersion = 17.0.31521.260
MinimumVisualStudioVersion = 10.0.40219.1
Project("{8BC9CEB8-8B4A-11D0-8D11-00A0C91BC942}") = "AuUI", "AuUI\AuUI.vcxproj", "{CFC28255-CFDE-4BBA-82F8-39DE2A97F8D7}"
EndProject
Global
	GlobalSection(SolutionConfigurationPlatforms) = preSolution
		Debug|x64 = Debug|x64
		Debug|x86 = Debug|x86
		Release|x64 = Release|x64
		Release|x86 = Release|x86
	EndGlobalSection
	GlobalSection(ProjectConfigurationPlatforms) = postSolution
		{CFC28255-CFDE-4BBA-82F8-39DE2A97F8D7}.Debug|x64.ActiveCfg = Debug|x64
		{CFC28255-CFDE-4BBA-82F8-39DE2A97F8D7}.Debug|x64.Build.0 = Debug|x64
		{CFC28255-CFDE-4BBA-82F8-39DE2A97F8D7}.Debug|x86.ActiveCfg = Debug|Win32
		{CFC28255-CFDE-4BBA-82F8-39DE2A97F8D7}.Debug|x86.Build.0 = Debug|Win32
		{CFC28255-CFDE-4BBA-82F8-39DE2A97F8D7}.Release|x64.ActiveCfg = Release|x64
		{CFC28255-CFDE-4BBA-82F8-39DE2A97F8D7}.Release|x64.Build.0 = Release|x64
		{CFC28255-CFDE-4BBA-82F8-39DE2A97F8D7}.Release|x86.ActiveCfg = Release|Win32
		{CFC28255-CFDE-4BBA-82F8-39DE2A97F8D7}.Release|x86.Build.0 = Release|Win32
	EndGlobalSection
	GlobalSection(SolutionProperties) = preSolution
		HideSolutionNode = FALSE
	EndGlobalSection
	GlobalSection(ExtensibilityGlobals) = postSolution
		SolutionGuid = {2AA2A576-DA02-4355-8CD0-1551B6CECF5C}
	EndGlobalSection
EndGlobal
